
Microsoft Visual Studio Solution File, Format Version 12.00
# Visual Studio Version 17
VisualStudioVersion = 17.9.34616.47
MinimumVisualStudioVersion = 10.0.40219.1
Project("{8BC9CEB8-8B4A-11D0-8D11-00A0C91BC942}") = "activitystruct_0156", "activitystruct_0156\activitystruct_0156.vcxproj", "{27291343-6FC1-418B-B492-AD01E85D0797}"
EndProject
Project("{8BC9CEB8-8B4A-11D0-8D11-00A0C91BC942}") = "struct 2", "struct 2\struct 2.vcxproj", "{538DD97E-6FA5-4296-BC69-141B07BE3231}"
EndProject
Project("{8BC9CEB8-8B4A-11D0-8D11-00A0C91BC942}") = "struct 3", "struct 3\struct 3.vcxproj", "{8970835D-4034-4063-AE3A-FA9249A04B1B}"
EndProject
Project("{8BC9CEB8-8B4A-11D0-8D11-00A0C91BC942}") = "struct 4", "struct 4\struct 4.vcxproj", "{8CA2BE7C-3F59-4397-B86C-66406925E8BD}"
EndProject
Global
	GlobalSection(SolutionConfigurationPlatforms) = preSolution
		Debug|x64 = Debug|x64
		Debug|x86 = Debug|x86
		Release|x64 = Release|x64
		Release|x86 = Release|x86
	EndGlobalSection
	GlobalSection(ProjectConfigurationPlatforms) = postSolution
		{27291343-6FC1-418B-B492-AD01E85D0797}.Debug|x64.ActiveCfg = Debug|x64
		{27291343-6FC1-418B-B492-AD01E85D0797}.Debug|x64.Build.0 = Debug|x64
		{27291343-6FC1-418B-B492-AD01E85D0797}.Debug|x86.ActiveCfg = Debug|Win32
		{27291343-6FC1-418B-B492-AD01E85D0797}.Debug|x86.Build.0 = Debug|Win32
		{27291343-6FC1-418B-B492-AD01E85D0797}.Release|x64.ActiveCfg = Release|x64
		{27291343-6FC1-418B-B492-AD01E85D0797}.Release|x64.Build.0 = Release|x64
		{27291343-6FC1-418B-B492-AD01E85D0797}.Release|x86.ActiveCfg = Release|Win32
		{27291343-6FC1-418B-B492-AD01E85D0797}.Release|x86.Build.0 = Release|Win32
		{538DD97E-6FA5-4296-BC69-141B07BE3231}.Debug|x64.ActiveCfg = Debug|x64
		{538DD97E-6FA5-4296-BC69-141B07BE3231}.Debug|x64.Build.0 = Debug|x64
		{538DD97E-6FA5-4296-BC69-141B07BE3231}.Debug|x86.ActiveCfg = Debug|Win32
		{538DD97E-6FA5-4296-BC69-141B07BE3231}.Debug|x86.Build.0 = Debug|Win32
		{538DD97E-6FA5-4296-BC69-141B07BE3231}.Release|x64.ActiveCfg = Release|x64
		{538DD97E-6FA5-4296-BC69-141B07BE3231}.Release|x64.Build.0 = Release|x64
		{538DD97E-6FA5-4296-BC69-141B07BE3231}.Release|x86.ActiveCfg = Release|Win32
		{538DD97E-6FA5-4296-BC69-141B07BE3231}.Release|x86.Build.0 = Release|Win32
		{8970835D-4034-4063-AE3A-FA9249A04B1B}.Debug|x64.ActiveCfg = Debug|x64
		{8970835D-4034-4063-AE3A-FA9249A04B1B}.Debug|x64.Build.0 = Debug|x64
		{8970835D-4034-4063-AE3A-FA9249A04B1B}.Debug|x86.ActiveCfg = Debug|Win32
		{8970835D-4034-4063-AE3A-FA9249A04B1B}.Debug|x86.Build.0 = Debug|Win32
		{8970835D-4034-4063-AE3A-FA9249A04B1B}.Release|x64.ActiveCfg = Release|x64
		{8970835D-4034-4063-AE3A-FA9249A04B1B}.Release|x64.Build.0 = Release|x64
		{8970835D-4034-4063-AE3A-FA9249A04B1B}.Release|x86.ActiveCfg = Release|Win32
		{8970835D-4034-4063-AE3A-FA9249A04B1B}.Release|x86.Build.0 = Release|Win32
		{8CA2BE7C-3F59-4397-B86C-66406925E8BD}.Debug|x64.ActiveCfg = Debug|x64
		{8CA2BE7C-3F59-4397-B86C-66406925E8BD}.Debug|x64.Build.0 = Debug|x64
		{8CA2BE7C-3F59-4397-B86C-66406925E8BD}.Debug|x86.ActiveCfg = Debug|Win32
		{8CA2BE7C-3F59-4397-B86C-66406925E8BD}.Debug|x86.Build.0 = Debug|Win32
		{8CA2BE7C-3F59-4397-B86C-66406925E8BD}.Release|x64.ActiveCfg = Release|x64
		{8CA2BE7C-3F59-4397-B86C-66406925E8BD}.Release|x64.Build.0 = Release|x64
		{8CA2BE7C-3F59-4397-B86C-66406925E8BD}.Release|x86.ActiveCfg = Release|Win32
		{8CA2BE7C-3F59-4397-B86C-66406925E8BD}.Release|x86.Build.0 = Release|Win32
	EndGlobalSection
	GlobalSection(SolutionProperties) = preSolution
		HideSolutionNode = FALSE
	EndGlobalSection
	GlobalSection(ExtensibilityGlobals) = postSolution
		SolutionGuid = {3373234A-B904-471E-9F2D-2CC7AA6DAE5F}
	EndGlobalSection
EndGlobal
